
Microsoft Visual Studio Solution File, Format Version 12.00
# Visual Studio Version 16
VisualStudioVersion = 16.0.28803.352
MinimumVisualStudioVersion = 10.0.40219.1
Project("{FAE04EC0-301F-11D3-BF4B-00C04F79EFBC}") = "Paint", "Paint\Paint.csproj", "{EEEB19C0-E692-4F84-BDC7-1ACCC1135C1B}"
EndProject
Global
	GlobalSection(SolutionConfigurationPlatforms) = preSolution
		Debug|Any CPU = Debug|Any CPU
		Release|Any CPU = Release|Any CPU
	EndGlobalSection
	GlobalSection(ProjectConfigurationPlatforms) = postSolution
		{EEEB19C0-E692-4F84-BDC7-1ACCC1135C1B}.Debug|Any CPU.ActiveCfg = Debug|Any CPU
		{EEEB19C0-E692-4F84-BDC7-1ACCC1135C1B}.Debug|Any CPU.Build.0 = Debug|Any CPU
		{EEEB19C0-E692-4F84-BDC7-1ACCC1135C1B}.Release|Any CPU.ActiveCfg = Release|Any CPU
		{EEEB19C0-E692-4F84-BDC7-1ACCC1135C1B}.Release|Any CPU.Build.0 = Release|Any CPU
	EndGlobalSection
	GlobalSection(SolutionProperties) = preSolution
		HideSolutionNode = FALSE
	EndGlobalSection
	GlobalSection(ExtensibilityGlobals) = postSolution
		SolutionGuid = {457FDB70-7426-4F8E-AD75-D34C2B1ADC52}
	EndGlobalSection
EndGlobal
